{
  "originHash" : "eb46c26b50233f629863765a4ff6dbe97b0526206ae95b253351276b50776093",
  "pins" : [
    {
      "identity" : "raylib",
      "kind" : "remoteSourceControl",
      "location" : "https://github.com/STREGAsGate/Raylib.git",
      "state" : {
        "branch" : "master",
        "revision" : "9e7c83604f74211e4f8f3c38c1c52d4434f51bc1"
      }
    }
  ],
  "version" : 3
}
